# Generated by pub
# See http://pub.dartlang.org/doc/glossary.html#lockfile
packages:
  args:
    description: args
    source: hosted
    version: "0.5.13"
  browser:
    description: browser
    source: hosted
    version: "0.5.13"
  bson:
    description: bson
    source: hosted
    version: "0.1.7"
  crypto:
    description: crypto
    source: hosted
    version: "0.5.13"
  hart:
    description: hart
    source: hosted
    version: "0.0.5"
  logging:
    description: logging
    source: hosted
    version: "0.5.13"
  meta:
    description: meta
    source: hosted
    version: "0.5.13"
  mongo_dart:
    description: mongo_dart
    source: hosted
    version: "0.1.23"
  mongo_dart_query:
    description: mongo_dart_query
    source: hosted
    version: "0.1.8"
  route:
    description: route
    source: hosted
    version: "0.4.5+1"
  start:
    description: start
    source: hosted
    version: "0.0.7"
  unittest:
    description: unittest
    source: hosted
    version: "0.5.13"
